// !$*UTF8*$!
{
	archiveVersion = 1;
	classes = {
	};
	objectVersion = 46;
	objects = {

/* Begin PBXBuildFile section */
		67F67BE11F3169D7002BDFE2 /* main.m in Sources */ = {isa = PBXBuildFile; fileRef = 67F67BE01F3169D7002BDFE2 /* main.m */; };
		67F67BE41F3169D7002BDFE2 /* AppDelegate.m in Sources */ = {isa = PBXBuildFile; fileRef = 67F67BE31F3169D7002BDFE2 /* AppDelegate.m */; };
		67F67BE71F3169D7002BDFE2 /* ViewController.m in Sources */ = {isa = PBXBuildFile; fileRef = 67F67BE61F3169D7002BDFE2 /* ViewController.m */; };
		67F67BEA1F3169D7002BDFE2 /* Main.storyboard in Resources */ = {isa = PBXBuildFile; fileRef = 67F67BE81F3169D7002BDFE2 /* Main.storyboard */; };
		67F67BEC1F3169D7002BDFE2 /* Assets.xcassets in Resources */ = {isa = PBXBuildFile; fileRef = 67F67BEB1F3169D7002BDFE2 /* Assets.xcassets */; };
		67F67BEF1F3169D7002BDFE2 /* LaunchScreen.storyboard in Resources */ = {isa = PBXBuildFile; fileRef = 67F67BED1F3169D7002BDFE2 /* LaunchScreen.storyboard */; };
		67F67BF91F316A59002BDFE2 /* GGSort.m in Sources */ = {isa = PBXBuildFile; fileRef = 67F67BF81F316A59002BDFE2 /* GGSort.m */; };
		67F67BFC1F31BA9D002BDFE2 /* CustomOneModel.m in Sources */ = {isa = PBXBuildFile; fileRef = 67F67BFB1F31BA9D002BDFE2 /* CustomOneModel.m */; };
/* End PBXBuildFile section */

/* Begin PBXFileReference section */
		67F67BDC1F3169D7002BDFE2 /* GGSort.app */ = {isa = PBXFileReference; explicitFileType = wrapper.application; includeInIndex = 0; path = GGSort.app; sourceTree = BUILT_PRODUCTS_DIR; };
		67F67BE01F3169D7002BDFE2 /* main.m */ = {isa = PBXFileReference; lastKnownFileType = sourcecode.c.objc; path = main.m; sourceTree = "<group>"; };
		67F67BE21F3169D7002BDFE2 /* AppDelegate.h */ = {isa = PBXFileReference; lastKnownFileType = sourcecode.c.h; path = AppDelegate.h; sourceTree = "<group>"; };
		67F67BE31F3169D7002BDFE2 /* AppDelegate.m */ = {isa = PBXFileReference; lastKnownFileType = sourcecode.c.objc; path = AppDelegate.m; sourceTree = "<group>"; };
		67F67BE51F3169D7002BDFE2 /* ViewController.h */ = {isa = PBXFileReference; lastKnownFileType = sourcecode.c.h; path = ViewController.h; sourceTree = "<group>"; };
		67F67BE61F3169D7002BDFE2 /* ViewController.m */ = {isa = PBXFileReference; lastKnownFileType = sourcecode.c.objc; path = ViewController.m; sourceTree = "<group>"; };
		67F67BE91F3169D7002BDFE2 /* Base */ = {isa = PBXFileReference; lastKnownFileType = file.storyboard; name = Base; path = Base.lproj/Main.storyboard; sourceTree = "<group>"; };
		67F67BEB1F3169D7002BDFE2 /* Assets.xcassets */ = {isa = PBXFileReference; lastKnownFileType = folder.assetcatalog; path = Assets.xcassets; sourceTree = "<group>"; };
		67F67BEE1F3169D7002BDFE2 /* Base */ = {isa = PBXFileReference; lastKnownFileType = file.storyboard; name = Base; path = Base.lproj/LaunchScreen.storyboard; sourceTree = "<group>"; };
		67F67BF01F3169D7002BDFE2 /* Info.plist */ = {isa = PBXFileReference; lastKnownFileType = text.plist.xml; path = Info.plist; sourceTree = "<group>"; };
		67F67BF71F316A59002BDFE2 /* GGSort.h */ = {isa = PBXFileReference; fileEncoding = 4; lastKnownFileType = sourcecode.c.h; path = GGSort.h; sourceTree = "<group>"; };
		67F67BF81F316A59002BDFE2 /* GGSort.m */ = {isa = PBXFileReference; fileEncoding = 4; lastKnownFileType = sourcecode.c.objc; path = GGSort.m; sourceTree = "<group>"; };
		67F67BFA1F31BA9D002BDFE2 /* CustomOneModel.h */ = {isa = PBXFileReference; fileEncoding = 4; lastKnownFileType = sourcecode.c.h; path = CustomOneModel.h; sourceTree = "<group>"; };
		67F67BFB1F31BA9D002BDFE2 /* CustomOneModel.m */ = {isa = PBXFileReference; fileEncoding = 4; lastKnownFileType = sourcecode.c.objc; path = CustomOneModel.m; sourceTree = "<group>"; };
/* End PBXFileReference section */

/* Begin PBXFrameworksBuildPhase section */
		67F67BD91F3169D7002BDFE2 /* Frameworks */ = {
			isa = PBXFrameworksBuildPhase;
			buildActionMask = 2147483647;
			files = (
			);
			runOnlyForDeploymentPostprocessing = 0;
		};
/* End PBXFrameworksBuildPhase section */

/* Begin PBXGroup section */
		67F67BD31F3169D7002BDFE2 = {
			isa = PBXGroup;
			children = (
				67F67BDE1F3169D7002BDFE2 /* GGSort */,
				67F67BDD1F3169D7002BDFE2 /* Products */,
			);
			sourceTree = "<group>";
		};
		67F67BDD1F3169D7002BDFE2 /* Products */ = {
			isa = PBXGroup;
			children = (
				67F67BDC1F3169D7002BDFE2 /* GGSort.app */,
			);
			name = Products;
			sourceTree = "<group>";
		};
		67F67BDE1F3169D7002BDFE2 /* GGSort */ = {
			isa = PBXGroup;
			children = (
				67F67BE21F3169D7002BDFE2 /* AppDelegate.h */,
				67F67BE31F3169D7002BDFE2 /* AppDelegate.m */,
				67F67BE51F3169D7002BDFE2 /* ViewController.h */,
				67F67BE61F3169D7002BDFE2 /* ViewController.m */,
				67F67BFA1F31BA9D002BDFE2 /* CustomOneModel.h */,
				67F67BFB1F31BA9D002BDFE2 /* CustomOneModel.m */,
				67F67BE81F3169D7002BDFE2 /* Main.storyboard */,
				67F67BF61F316A07002BDFE2 /* GGSort */,
				67F67BEB1F3169D7002BDFE2 /* Assets.xcassets */,
				67F67BED1F3169D7002BDFE2 /* LaunchScreen.storyboard */,
				67F67BF01F3169D7002BDFE2 /* Info.plist */,
				67F67BDF1F3169D7002BDFE2 /* Supporting Files */,
			);
			path = GGSort;
			sourceTree = "<group>";
		};
		67F67BDF1F3169D7002BDFE2 /* Supporting Files */ = {
			isa = PBXGroup;
			children = (
				67F67BE01F3169D7002BDFE2 /* main.m */,
			);
			name = "Supporting Files";
			sourceTree = "<group>";
		};
		67F67BF61F316A07002BDFE2 /* GGSort */ = {
			isa = PBXGroup;
			children = (
				67F67BF71F316A59002BDFE2 /* GGSort.h */,
				67F67BF81F316A59002BDFE2 /* GGSort.m */,
			);
			path = GGSort;
			sourceTree = "<group>";
		};
/* End PBXGroup section */

/* Begin PBXNativeTarget section */
		67F67BDB1F3169D7002BDFE2 /* GGSort */ = {
			isa = PBXNativeTarget;
			buildConfigurationList = 67F67BF31F3169D7002BDFE2 /* Build configuration list for PBXNativeTarget "GGSort" */;
			buildPhases = (
				67F67BD81F3169D7002BDFE2 /* Sources */,
				67F67BD91F3169D7002BDFE2 /* Frameworks */,
				67F67BDA1F3169D7002BDFE2 /* Resources */,
			);
			buildRules = (
			);
			dependencies = (
			);
			name = GGSort;
			productName = GGSort;
			productReference = 67F67BDC1F3169D7002BDFE2 /* GGSort.app */;
			productType = "com.apple.product-type.application";
		};
/* End PBXNativeTarget section */

/* Begin PBXProject section */
		67F67BD41F3169D7002BDFE2 /* Project object */ = {
			isa = PBXProject;
			attributes = {
				LastUpgradeCheck = 0830;
				TargetAttributes = {
					67F67BDB1F3169D7002BDFE2 = {
						CreatedOnToolsVersion = 8.3.2;
						ProvisioningStyle = Automatic;
					};
				};
			};
			buildConfigurationList = 67F67BD71F3169D7002BDFE2 /* Build configuration list for PBXProject "GGSort" */;
			compatibilityVersion = "Xcode 3.2";
			developmentRegion = English;
			hasScannedForEncodings = 0;
			knownRegions = (
				en,
				Base,
			);
			mainGroup = 67F67BD31F3169D7002BDFE2;
			productRefGroup = 67F67BDD1F3169D7002BDFE2 /* Products */;
			projectDirPath = "";
			projectRoot = "";
			targets = (
				67F67BDB1F3169D7002BDFE2 /* GGSort */,
			);
		};
/* End PBXProject section */

/* Begin PBXResourcesBuildPhase section */
		67F67BDA1F3169D7002BDFE2 /* Resources */ = {
			isa = PBXResourcesBuildPhase;
			buildActionMask = 2147483647;
			files = (
				67F67BEF1F3169D7002BDFE2 /* LaunchScreen.storyboard in Resources */,
				67F67BEC1F3169D7002BDFE2 /* Assets.xcassets in Resources */,
				67F67BEA1F3169D7002BDFE2 /* Main.storyboard in Resources */,
			);
			runOnlyForDeploymentPostprocessing = 0;
		};
/* End PBXResourcesBuildPhase section */

/* Begin PBXSourcesBuildPhase section */
		67F67BD81F3169D7002BDFE2 /* Sources */ = {
			isa = PBXSourcesBuildPhase;
			buildActionMask = 2147483647;
			files = (
				67F67BE71F3169D7002BDFE2 /* ViewController.m in Sources */,
				67F67BF91F316A59002BDFE2 /* GGSort.m in Sources */,
				67F67BFC1F31BA9D002BDFE2 /* CustomOneModel.m in Sources */,
				67F67BE41F3169D7002BDFE2 /* AppDelegate.m in Sources */,
				67F67BE11F3169D7002BDFE2 /* main.m in Sources */,
			);
			runOnlyForDeploymentPostprocessing = 0;
		};
/* End PBXSourcesBuildPhase section */

/* Begin PBXVariantGroup section */
		67F67BE81F3169D7002BDFE2 /* Main.storyboard */ = {
			isa = PBXVariantGroup;
			children = (
				67F67BE91F3169D7002BDFE2 /* Base */,
			);
			name = Main.storyboard;
			sourceTree = "<group>";
		};
		67F67BED1F3169D7002BDFE2 /* LaunchScreen.storyboard */ = {
			isa = PBXVariantGroup;
			children = (
				67F67BEE1F3169D7002BDFE2 /* Base */,
			);
			name = LaunchScreen.storyboard;
			sourceTree = "<group>";
		};
/* End PBXVariantGroup section */

/* Begin XCBuildConfiguration section */
		67F67BF11F3169D7002BDFE2 /* Debug */ = {
			isa = XCBuildConfiguration;
			buildSettings = {
				ALWAYS_SEARCH_USER_PATHS = NO;
				CLANG_ANALYZER_NONNULL = YES;
				CLANG_ANALYZER_NUMBER_OBJECT_CONVERSION = YES_AGGRESSIVE;
				CLANG_CXX_LANGUAGE_STANDARD = "gnu++0x";
				CLANG_CXX_LIBRARY = "libc++";
				CLANG_ENABLE_MODULES = YES;
				CLANG_ENABLE_OBJC_ARC = YES;
				CLANG_WARN_BOOL_CONVERSION = YES;
				CLANG_WARN_CONSTANT_CONVERSION = YES;
				CLANG_WARN_DIRECT_OBJC_ISA_USAGE = YES_ERROR;
				CLANG_WARN_DOCUMENTATION_COMMENTS = YES;
				CLANG_WARN_EMPTY_BODY = YES;
				CLANG_WARN_ENUM_CONVERSION = YES;
				CLANG_WARN_INFINITE_RECURSION = YES;
				CLANG_WARN_INT_CONVERSION = YES;
				CLANG_WARN_OBJC_ROOT_CLASS = YES_ERROR;
				CLANG_WARN_SUSPICIOUS_MOVE = YES;
				CLANG_WARN_UNREACHABLE_CODE = YES;
				CLANG_WARN__DUPLICATE_METHOD_MATCH = YES;
				"CODE_SIGN_IDENTITY[sdk=iphoneos*]" = "iPhone Developer";
				COPY_PHASE_STRIP = NO;
				DEBUG_INFORMATION_FORMAT = dwarf;
				ENABLE_STRICT_OBJC_MSGSEND = YES;
				ENABLE_TESTABILITY = YES;
				GCC_C_LANGUAGE_STANDARD = gnu99;
				GCC_DYNAMIC_NO_PIC = NO;
				GCC_NO_COMMON_BLOCKS = YES;
				GCC_OPTIMIZATION_LEVEL = 0;
				GCC_PREPROCESSOR_DEFINITIONS = (
					"DEBUG=1",
					"$(inherited)",
				);
				GCC_WARN_64_TO_32_BIT_CONVERSION = YES;
				GCC_WARN_ABOUT_RETURN_TYPE = YES_ERROR;
				GCC_WARN_UNDECLARED_SELECTOR = YES;
				GCC_WARN_UNINITIALIZED_AUTOS = YES_AGGRESSIVE;
				GCC_WARN_UNUSED_FUNCTION = YES;
				GCC_WARN_UNUSED_VARIABLE = YES;
				IPHONEOS_DEPLOYMENT_TARGET = 10.3;
				MTL_ENABLE_DEBUG_INFO = YES;
				ONLY_ACTIVE_ARCH = YES;
				SDKROOT = iphoneos;
				TARGETED_DEVICE_FAMILY = "1,2";
			};
			name = Debug;
		};
		67F67BF21F3169D7002BDFE2 /* Release */ = {
			isa = XCBuildConfiguration;
			buildSettings = {
				ALWAYS_SEARCH_USER_PATHS = NO;
				CLANG_ANALYZER_NONNULL = YES;
				CLANG_ANALYZER_NUMBER_OBJECT_CONVERSION = YES_AGGRESSIVE;
				CLANG_CXX_LANGUAGE_STANDARD = "gnu++0x";
				CLANG_CXX_LIBRARY = "libc++";
				CLANG_ENABLE_MODULES = YES;
				CLANG_ENABLE_OBJC_ARC = YES;
				CLANG_WARN_BOOL_CONVERSION = YES;
				CLANG_WARN_CONSTANT_CONVERSION = YES;
				CLANG_WARN_DIRECT_OBJC_ISA_USAGE = YES_ERROR;
				CLANG_WARN_DOCUMENTATION_COMMENTS = YES;
				CLANG_WARN_EMPTY_BODY = YES;
				CLANG_WARN_ENUM_CONVERSION = YES;
				CLANG_WARN_INFINITE_RECURSION = YES;
				CLANG_WARN_INT_CONVERSION = YES;
				CLANG_WARN_OBJC_ROOT_CLASS = YES_ERROR;
				CLANG_WARN_SUSPICIOUS_MOVE = YES;
				CLANG_WARN_UNREACHABLE_CODE = YES;
				CLANG_WARN__DUPLICATE_METHOD_MATCH = YES;
				"CODE_SIGN_IDENTITY[sdk=iphoneos*]" = "iPhone Developer";
				COPY_PHASE_STRIP = NO;
				DEBUG_INFORMATION_FORMAT = "dwarf-with-dsym";
				ENABLE_NS_ASSERTIONS = NO;
				ENABLE_STRICT_OBJC_MSGSEND = YES;
				GCC_C_LANGUAGE_STANDARD = gnu99;
				GCC_NO_COMMON_BLOCKS = YES;
				GCC_WARN_64_TO_32_BIT_CONVERSION = YES;
				GCC_WARN_ABOUT_RETURN_TYPE = YES_ERROR;
				GCC_WARN_UNDECLARED_SELECTOR = YES;
				GCC_WARN_UNINITIALIZED_AUTOS = YES_AGGRESSIVE;
				GCC_WARN_UNUSED_FUNCTION = YES;
				GCC_WARN_UNUSED_VARIABLE = YES;
				IPHONEOS_DEPLOYMENT_TARGET = 10.3;
				MTL_ENABLE_DEBUG_INFO = NO;
				SDKROOT = iphoneos;
				TARGETED_DEVICE_FAMILY = "1,2";
				VALIDATE_PRODUCT = YES;
			};
			name = Release;
		};
		67F67BF41F3169D7002BDFE2 /* Debug */ = {
			isa = XCBuildConfiguration;
			buildSettings = {
				ASSETCATALOG_COMPILER_APPICON_NAME = AppIcon;
				INFOPLIST_FILE = GGSort/Info.plist;
				LD_RUNPATH_SEARCH_PATHS = "$(inherited) @executable_path/Frameworks";
				PRODUCT_BUNDLE_IDENTIFIER = com.GG.GGSort;
				PRODUCT_NAME = "$(TARGET_NAME)";
			};
			name = Debug;
		};
		67F67BF51F3169D7002BDFE2 /* Release */ = {
			isa = XCBuildConfiguration;
			buildSettings = {
				ASSETCATALOG_COMPILER_APPICON_NAME = AppIcon;
				INFOPLIST_FILE = GGSort/Info.plist;
				LD_RUNPATH_SEARCH_PATHS = "$(inherited) @executable_path/Frameworks";
				PRODUCT_BUNDLE_IDENTIFIER = com.GG.GGSort;
				PRODUCT_NAME = "$(TARGET_NAME)";
			};
			name = Release;
		};
/* End XCBuildConfiguration section */

/* Begin XCConfigurationList section */
		67F67BD71F3169D7002BDFE2 /* Build configuration list for PBXProject "GGSort" */ = {
			isa = XCConfigurationList;
			buildConfigurations = (
				67F67BF11F3169D7002BDFE2 /* Debug */,
				67F67BF21F3169D7002BDFE2 /* Release */,
			);
			defaultConfigurationIsVisible = 0;
			defaultConfigurationName = Release;
		};
		67F67BF31F3169D7002BDFE2 /* Build configuration list for PBXNativeTarget "GGSort" */ = {
			isa = XCConfigurationList;
			buildConfigurations = (
				67F67BF41F3169D7002BDFE2 /* Debug */,
				67F67BF51F3169D7002BDFE2 /* Release */,
			);
			defaultConfigurationIsVisible = 0;
		};
/* End XCConfigurationList section */
	};
	rootObject = 67F67BD41F3169D7002BDFE2 /* Project object */;
}
